
Microsoft Visual Studio Solution File, Format Version 12.00
# Visual Studio Version 17
VisualStudioVersion = 17.7.34202.233
MinimumVisualStudioVersion = 10.0.40219.1
Project("{9A19103F-16F7-4668-BE54-9A1E7A4F7556}") = "RouterManagement", "RouterManagement\RouterManagement.csproj", "{57505A7B-FCCD-40E1-A55F-40A847D18C3A}"
EndProject
Global
	GlobalSection(SolutionConfigurationPlatforms) = preSolution
		Debug|Any CPU = Debug|Any CPU
		Release|Any CPU = Release|Any CPU
	EndGlobalSection
	GlobalSection(ProjectConfigurationPlatforms) = postSolution
		{57505A7B-FCCD-40E1-A55F-40A847D18C3A}.Debug|Any CPU.ActiveCfg = Debug|Any CPU
		{57505A7B-FCCD-40E1-A55F-40A847D18C3A}.Debug|Any CPU.Build.0 = Debug|Any CPU
		{57505A7B-FCCD-40E1-A55F-40A847D18C3A}.Release|Any CPU.ActiveCfg = Release|Any CPU
		{57505A7B-FCCD-40E1-A55F-40A847D18C3A}.Release|Any CPU.Build.0 = Release|Any CPU
	EndGlobalSection
	GlobalSection(SolutionProperties) = preSolution
		HideSolutionNode = FALSE
	EndGlobalSection
	GlobalSection(ExtensibilityGlobals) = postSolution
		SolutionGuid = {85B17B46-94CC-46F4-BC63-58C4E5DC22FA}
	EndGlobalSection
EndGlobal
